
Microsoft Visual Studio Solution File, Format Version 12.00
# Visual Studio 2013
VisualStudioVersion = 12.0.40629.0
MinimumVisualStudioVersion = 10.0.40219.1
Project("{FAE04EC0-301F-11D3-BF4B-00C04F79EFBC}") = "CST.LePoint.Tools", "CST.LePoint.Tools\CST.LePoint.Tools.csproj", "{B0C1DD35-77C2-43CD-A498-AA9CA4EF1EE4}"
EndProject
Project("{FAE04EC0-301F-11D3-BF4B-00C04F79EFBC}") = "CST.LePoint.CtrlLibrary", "CST.LePoint.CtrlLibrary\CST.LePoint.CtrlLibrary.csproj", "{BC01CE93-78F6-4F5F-A750-925BDBDA549E}"
EndProject
Project("{FAE04EC0-301F-11D3-BF4B-00C04F79EFBC}") = "CST.LePoint.Stock.Referentiel", "CST.LePoint.Stock.Referentiel\CST.LePoint.Stock.Referentiel.csproj", "{05B1A67D-60EF-41D0-B684-41B6BE592B88}"
EndProject
Project("{FAE04EC0-301F-11D3-BF4B-00C04F79EFBC}") = "CST.LePoint.Securite", "CST.LePoint.Securite\CST.LePoint.Securite.csproj", "{E140ED8B-329F-49EE-A023-57DF22035CD1}"
EndProject
Project("{FAE04EC0-301F-11D3-BF4B-00C04F79EFBC}") = "CST.LePoint.Stock.Metier", "CST.LePoint.Stock.Metier\CST.LePoint.Stock.Metier.csproj", "{176AD56B-7ABB-4591-9963-B7BDE090E974}"
EndProject
Project("{FAE04EC0-301F-11D3-BF4B-00C04F79EFBC}") = "CST.LePoint.Tiers.Metier", "CST.LePoint.Tiers.Metier\CST.LePoint.Tiers.Metier.csproj", "{151975B3-3ED3-4378-87E8-35922E1E4608}"
EndProject
Project("{FAE04EC0-301F-11D3-BF4B-00C04F79EFBC}") = "CST.LePoint.Tiers.Referentiel", "CST.LePoint.Tiers.Referentiel\CST.LePoint.Tiers.Referentiel.csproj", "{48B9B5BF-3D10-427B-AE9C-82D0C1932EE8}"
EndProject
Project("{FAE04EC0-301F-11D3-BF4B-00C04F79EFBC}") = "CST.LePoint.Referentiel", "CST.LePoint.Referentiel\CST.LePoint.Referentiel.csproj", "{49A25FF5-108D-4545-A637-F3FDB0D31699}"
EndProject
Project("{2150E333-8FDC-42A3-9474-1A3956D46DE8}") = "Metier Stock", "Metier Stock", "{E7F11192-DAB7-4A91-930A-8646C1833428}"
EndProject
Project("{2150E333-8FDC-42A3-9474-1A3956D46DE8}") = "Commun", "Commun", "{371B0BC4-E87A-4C9A-8339-0EEABA6BD1C2}"
EndProject
Project("{2150E333-8FDC-42A3-9474-1A3956D46DE8}") = "Metier Tiers", "Metier Tiers", "{B764D191-7E67-416B-BDC1-190BA5D98864}"
EndProject
Project("{FAE04EC0-301F-11D3-BF4B-00C04F79EFBC}") = "CST.LePoint.Vente.Metier", "CST.LePoint.Vente.Metier\CST.LePoint.Vente.Metier.csproj", "{2E48DA14-D486-483C-8645-8014B044CF6B}"
EndProject
Project("{2150E333-8FDC-42A3-9474-1A3956D46DE8}") = "Metier Vente", "Metier Vente", "{9E0E44EE-1DC7-4122-B5B2-EDC36AE062A4}"
EndProject
Project("{2150E333-8FDC-42A3-9474-1A3956D46DE8}") = "Metier GPAO", "Metier GPAO", "{FAD5B79F-67D3-4675-8B71-C064B80A0BC6}"
EndProject
Project("{FAE04EC0-301F-11D3-BF4B-00C04F79EFBC}") = "CST.LePoint.GPAO.Metier", "CST.LePoint.GPAO.Metier\CST.LePoint.GPAO.Metier.csproj", "{20CA0E2F-AE54-40C3-A35A-1300445269A7}"
EndProject
Project("{2150E333-8FDC-42A3-9474-1A3956D46DE8}") = "Metier Achat", "Metier Achat", "{FBDE227A-0EE2-4EA8-AD18-096119B347CB}"
EndProject
Project("{FAE04EC0-301F-11D3-BF4B-00C04F79EFBC}") = "CST.LePoint.Achat.Metier", "CST.LePoint.Vente.Achat\CST.LePoint.Achat.Metier.csproj", "{A128B5F5-1309-4DDE-BD4D-855DC5174F65}"
EndProject
Project("{2150E333-8FDC-42A3-9474-1A3956D46DE8}") = "Metier Intervention", "Metier Intervention", "{A6DB37B1-005F-4770-9D90-87D814DA003F}"
EndProject
Project("{FAE04EC0-301F-11D3-BF4B-00C04F79EFBC}") = "CST.LePoint.Intervention.Metier", "CST.LePoint.Intervention.Metier\CST.LePoint.Intervention.Metier.csproj", "{3D79A64C-55C9-462A-9A8A-587C7502359E}"
EndProject
Project("{FAE04EC0-301F-11D3-BF4B-00C04F79EFBC}") = "CST.LePoint.Intervention", "CST.LePoint.Intervention\CST.LePoint.Intervention.csproj", "{B0FDD9C7-8AB6-40F2-A3C9-A3765537C4D1}"
EndProject
Project("{2150E333-8FDC-42A3-9474-1A3956D46DE8}") = "CST.LePoint.VenteMobile.Metier", "CST.LePoint.VenteMobile.Metier", "{6F6BE341-C142-402D-9B6F-CC3F45F9F5AF}"
EndProject
Project("{FAE04EC0-301F-11D3-BF4B-00C04F79EFBC}") = "CST.LePoint.VenteMobile.Metier", "CST.LePoint.VenteMobile.Metier\CST.LePoint.VenteMobile.Metier.csproj", "{824340BC-9976-48F6-9789-4BAB7EDDF643}"
EndProject
Project("{FAE04EC0-301F-11D3-BF4B-00C04F79EFBC}") = "CST.LePoint.VenteMobile", "CST.LePoint.VenteMobile\CST.LePoint.VenteMobile.csproj", "{C084B4C8-6CE8-4270-A826-360D29072B87}"
EndProject
Project("{FAE04EC0-301F-11D3-BF4B-00C04F79EFBC}") = "InterventionMobile", "InterventionMobile\InterventionMobile.csproj", "{43333F34-2548-4BD0-A21A-1F85E45DD426}"
EndProject
Project("{FAE04EC0-301F-11D3-BF4B-00C04F79EFBC}") = "CSTAdmin", "CSTAdmin\CSTAdmin.csproj", "{B5F32E39-D1C4-4341-A791-FFDDE06925DD}"
EndProject
Global
	GlobalSection(TeamFoundationVersionControl) = preSolution
		SccNumberOfProjects = 18
		SccEnterpriseProvider = {4CA58AB2-18FA-4F8D-95D4-32DDF27D184C}
		SccTeamFoundationServer = http://192.168.1.100:8080/tfs/defaultcollection
		SccLocalPath0 = .
		SccProjectUniqueName1 = CST.LePoint.CtrlLibrary\\CST.LePoint.CtrlLibrary.csproj
		SccProjectTopLevelParentUniqueName1 = SAGEM\u0020GPB.sln
		SccProjectName1 = CST.LePoint.CtrlLibrary
		SccLocalPath1 = CST.LePoint.CtrlLibrary
		SccProjectUniqueName2 = CST.LePoint.GPAO.Metier\\CST.LePoint.GPAO.Metier.csproj
		SccProjectTopLevelParentUniqueName2 = SAGEM\u0020GPB.sln
		SccProjectName2 = CST.LePoint.GPAO.Metier
		SccLocalPath2 = CST.LePoint.GPAO.Metier
		SccProjectUniqueName3 = CST.LePoint.Intervention.Metier\\CST.LePoint.Intervention.Metier.csproj
		SccProjectTopLevelParentUniqueName3 = SAGEM\u0020GPB.sln
		SccProjectName3 = CST.LePoint.Intervention.Metier
		SccLocalPath3 = CST.LePoint.Intervention.Metier
		SccProjectUniqueName4 = CST.LePoint.Intervention\\CST.LePoint.Intervention.csproj
		SccProjectName4 = CST.LePoint.Intervention
		SccLocalPath4 = CST.LePoint.Intervention
		SccProjectUniqueName5 = CST.LePoint.Referentiel\\CST.LePoint.Referentiel.csproj
		SccProjectTopLevelParentUniqueName5 = SAGEM\u0020GPB.sln
		SccProjectName5 = CST.LePoint.Referentiel
		SccLocalPath5 = CST.LePoint.Referentiel
		SccProjectUniqueName6 = CST.LePoint.Securite\\CST.LePoint.Securite.csproj
		SccProjectTopLevelParentUniqueName6 = SAGEM\u0020GPB.sln
		SccProjectName6 = CST.LePoint.Securite
		SccLocalPath6 = CST.LePoint.Securite
		SccProjectUniqueName7 = CST.LePoint.Stock.Metier\\CST.LePoint.Stock.Metier.csproj
		SccProjectTopLevelParentUniqueName7 = SAGEM\u0020GPB.sln
		SccProjectName7 = CST.LePoint.Stock.Metier
		SccLocalPath7 = CST.LePoint.Stock.Metier
		SccProjectUniqueName8 = CST.LePoint.Stock.Referentiel\\CST.LePoint.Stock.Referentiel.csproj
		SccProjectTopLevelParentUniqueName8 = SAGEM\u0020GPB.sln
		SccProjectName8 = CST.LePoint.Stock.Referentiel
		SccLocalPath8 = CST.LePoint.Stock.Referentiel
		SccProjectUniqueName9 = CST.LePoint.Tiers.Metier\\CST.LePoint.Tiers.Metier.csproj
		SccProjectTopLevelParentUniqueName9 = SAGEM\u0020GPB.sln
		SccProjectName9 = CST.LePoint.Tiers.Metier
		SccLocalPath9 = CST.LePoint.Tiers.Metier
		SccProjectUniqueName10 = CST.LePoint.Tiers.Referentiel\\CST.LePoint.Tiers.Referentiel.csproj
		SccProjectTopLevelParentUniqueName10 = SAGEM\u0020GPB.sln
		SccProjectName10 = CST.LePoint.Tiers.Referentiel
		SccLocalPath10 = CST.LePoint.Tiers.Referentiel
		SccProjectUniqueName11 = CST.LePoint.Tools\\CST.LePoint.Tools.csproj
		SccProjectTopLevelParentUniqueName11 = SAGEM\u0020GPB.sln
		SccProjectName11 = CST.LePoint.Tools
		SccLocalPath11 = CST.LePoint.Tools
		SccProjectUniqueName12 = CST.LePoint.Vente.Achat\\CST.LePoint.Achat.Metier.csproj
		SccProjectTopLevelParentUniqueName12 = SAGEM\u0020GPB.sln
		SccProjectName12 = CST.LePoint.Vente.Achat
		SccLocalPath12 = CST.LePoint.Vente.Achat
		SccProjectUniqueName13 = CST.LePoint.Vente.Metier\\CST.LePoint.Vente.Metier.csproj
		SccProjectTopLevelParentUniqueName13 = SAGEM\u0020GPB.sln
		SccProjectName13 = CST.LePoint.Vente.Metier
		SccLocalPath13 = CST.LePoint.Vente.Metier
		SccProjectUniqueName14 = CST.LePoint.VenteMobile.Metier\\CST.LePoint.VenteMobile.Metier.csproj
		SccProjectTopLevelParentUniqueName14 = SAGEM\u0020GPB.sln
		SccProjectName14 = CST.LePoint.VenteMobile.Metier
		SccLocalPath14 = CST.LePoint.VenteMobile.Metier
		SccProjectUniqueName15 = CST.LePoint.VenteMobile\\CST.LePoint.VenteMobile.csproj
		SccProjectName15 = CST.LePoint.VenteMobile
		SccLocalPath15 = CST.LePoint.VenteMobile
		SccProjectUniqueName16 = InterventionMobile\\InterventionMobile.csproj
		SccProjectName16 = InterventionMobile
		SccLocalPath16 = InterventionMobile
		SccProjectUniqueName17 = CSTAdmin\\CSTAdmin.csproj
		SccProjectName17 = CSTAdmin
		SccLocalPath17 = CSTAdmin
	EndGlobalSection
	GlobalSection(SolutionConfigurationPlatforms) = preSolution
		CD_ROM|Any CPU = CD_ROM|Any CPU
		Debug|Any CPU = Debug|Any CPU
		DVD-5|Any CPU = DVD-5|Any CPU
		Release|Any CPU = Release|Any CPU
		SingleImage|Any CPU = SingleImage|Any CPU
	EndGlobalSection
	GlobalSection(ProjectConfigurationPlatforms) = postSolution
		{B0C1DD35-77C2-43CD-A498-AA9CA4EF1EE4}.CD_ROM|Any CPU.ActiveCfg = Release|Any CPU
		{B0C1DD35-77C2-43CD-A498-AA9CA4EF1EE4}.CD_ROM|Any CPU.Build.0 = Release|Any CPU
		{B0C1DD35-77C2-43CD-A498-AA9CA4EF1EE4}.Debug|Any CPU.ActiveCfg = Debug|Any CPU
		{B0C1DD35-77C2-43CD-A498-AA9CA4EF1EE4}.Debug|Any CPU.Build.0 = Debug|Any CPU
		{B0C1DD35-77C2-43CD-A498-AA9CA4EF1EE4}.DVD-5|Any CPU.ActiveCfg = Debug|Any CPU
		{B0C1DD35-77C2-43CD-A498-AA9CA4EF1EE4}.DVD-5|Any CPU.Build.0 = Debug|Any CPU
		{B0C1DD35-77C2-43CD-A498-AA9CA4EF1EE4}.Release|Any CPU.ActiveCfg = Release|Any CPU
		{B0C1DD35-77C2-43CD-A498-AA9CA4EF1EE4}.Release|Any CPU.Build.0 = Release|Any CPU
		{B0C1DD35-77C2-43CD-A498-AA9CA4EF1EE4}.SingleImage|Any CPU.ActiveCfg = Release|Any CPU
		{B0C1DD35-77C2-43CD-A498-AA9CA4EF1EE4}.SingleImage|Any CPU.Build.0 = Release|Any CPU
		{BC01CE93-78F6-4F5F-A750-925BDBDA549E}.CD_ROM|Any CPU.ActiveCfg = Release|Any CPU
		{BC01CE93-78F6-4F5F-A750-925BDBDA549E}.CD_ROM|Any CPU.Build.0 = Release|Any CPU
		{BC01CE93-78F6-4F5F-A750-925BDBDA549E}.Debug|Any CPU.ActiveCfg = Debug|Any CPU
		{BC01CE93-78F6-4F5F-A750-925BDBDA549E}.Debug|Any CPU.Build.0 = Debug|Any CPU
		{BC01CE93-78F6-4F5F-A750-925BDBDA549E}.DVD-5|Any CPU.ActiveCfg = Debug|Any CPU
		{BC01CE93-78F6-4F5F-A750-925BDBDA549E}.DVD-5|Any CPU.Build.0 = Debug|Any CPU
		{BC01CE93-78F6-4F5F-A750-925BDBDA549E}.Release|Any CPU.ActiveCfg = Release|Any CPU
		{BC01CE93-78F6-4F5F-A750-925BDBDA549E}.Release|Any CPU.Build.0 = Release|Any CPU
		{BC01CE93-78F6-4F5F-A750-925BDBDA549E}.Release|Any CPU.Deploy.0 = Release|Any CPU
		{BC01CE93-78F6-4F5F-A750-925BDBDA549E}.SingleImage|Any CPU.ActiveCfg = Release|Any CPU
		{BC01CE93-78F6-4F5F-A750-925BDBDA549E}.SingleImage|Any CPU.Build.0 = Release|Any CPU
		{05B1A67D-60EF-41D0-B684-41B6BE592B88}.CD_ROM|Any CPU.ActiveCfg = Release|Any CPU
		{05B1A67D-60EF-41D0-B684-41B6BE592B88}.CD_ROM|Any CPU.Build.0 = Release|Any CPU
		{05B1A67D-60EF-41D0-B684-41B6BE592B88}.Debug|Any CPU.ActiveCfg = Debug|Any CPU
		{05B1A67D-60EF-41D0-B684-41B6BE592B88}.Debug|Any CPU.Build.0 = Debug|Any CPU
		{05B1A67D-60EF-41D0-B684-41B6BE592B88}.DVD-5|Any CPU.ActiveCfg = Debug|Any CPU
		{05B1A67D-60EF-41D0-B684-41B6BE592B88}.DVD-5|Any CPU.Build.0 = Debug|Any CPU
		{05B1A67D-60EF-41D0-B684-41B6BE592B88}.Release|Any CPU.ActiveCfg = Release|Any CPU
		{05B1A67D-60EF-41D0-B684-41B6BE592B88}.Release|Any CPU.Build.0 = Release|Any CPU
		{05B1A67D-60EF-41D0-B684-41B6BE592B88}.SingleImage|Any CPU.ActiveCfg = Release|Any CPU
		{05B1A67D-60EF-41D0-B684-41B6BE592B88}.SingleImage|Any CPU.Build.0 = Release|Any CPU
		{E140ED8B-329F-49EE-A023-57DF22035CD1}.CD_ROM|Any CPU.ActiveCfg = Release|Any CPU
		{E140ED8B-329F-49EE-A023-57DF22035CD1}.CD_ROM|Any CPU.Build.0 = Release|Any CPU
		{E140ED8B-329F-49EE-A023-57DF22035CD1}.Debug|Any CPU.ActiveCfg = Debug|Any CPU
		{E140ED8B-329F-49EE-A023-57DF22035CD1}.Debug|Any CPU.Build.0 = Debug|Any CPU
		{E140ED8B-329F-49EE-A023-57DF22035CD1}.DVD-5|Any CPU.ActiveCfg = Debug|Any CPU
		{E140ED8B-329F-49EE-A023-57DF22035CD1}.DVD-5|Any CPU.Build.0 = Debug|Any CPU
		{E140ED8B-329F-49EE-A023-57DF22035CD1}.Release|Any CPU.ActiveCfg = Release|Any CPU
		{E140ED8B-329F-49EE-A023-57DF22035CD1}.Release|Any CPU.Build.0 = Release|Any CPU
		{E140ED8B-329F-49EE-A023-57DF22035CD1}.SingleImage|Any CPU.ActiveCfg = Release|Any CPU
		{E140ED8B-329F-49EE-A023-57DF22035CD1}.SingleImage|Any CPU.Build.0 = Release|Any CPU
		{176AD56B-7ABB-4591-9963-B7BDE090E974}.CD_ROM|Any CPU.ActiveCfg = Release|Any CPU
		{176AD56B-7ABB-4591-9963-B7BDE090E974}.CD_ROM|Any CPU.Build.0 = Release|Any CPU
		{176AD56B-7ABB-4591-9963-B7BDE090E974}.Debug|Any CPU.ActiveCfg = Debug|Any CPU
		{176AD56B-7ABB-4591-9963-B7BDE090E974}.Debug|Any CPU.Build.0 = Debug|Any CPU
		{176AD56B-7ABB-4591-9963-B7BDE090E974}.DVD-5|Any CPU.ActiveCfg = Debug|Any CPU
		{176AD56B-7ABB-4591-9963-B7BDE090E974}.DVD-5|Any CPU.Build.0 = Debug|Any CPU
		{176AD56B-7ABB-4591-9963-B7BDE090E974}.Release|Any CPU.ActiveCfg = Release|Any CPU
		{176AD56B-7ABB-4591-9963-B7BDE090E974}.Release|Any CPU.Build.0 = Release|Any CPU
		{176AD56B-7ABB-4591-9963-B7BDE090E974}.SingleImage|Any CPU.ActiveCfg = Release|Any CPU
		{176AD56B-7ABB-4591-9963-B7BDE090E974}.SingleImage|Any CPU.Build.0 = Release|Any CPU
		{151975B3-3ED3-4378-87E8-35922E1E4608}.CD_ROM|Any CPU.ActiveCfg = Release|Any CPU
		{151975B3-3ED3-4378-87E8-35922E1E4608}.CD_ROM|Any CPU.Build.0 = Release|Any CPU
		{151975B3-3ED3-4378-87E8-35922E1E4608}.Debug|Any CPU.ActiveCfg = Debug|Any CPU
		{151975B3-3ED3-4378-87E8-35922E1E4608}.Debug|Any CPU.Build.0 = Debug|Any CPU
		{151975B3-3ED3-4378-87E8-35922E1E4608}.DVD-5|Any CPU.ActiveCfg = Debug|Any CPU
		{151975B3-3ED3-4378-87E8-35922E1E4608}.DVD-5|Any CPU.Build.0 = Debug|Any CPU
		{151975B3-3ED3-4378-87E8-35922E1E4608}.Release|Any CPU.ActiveCfg = Release|Any CPU
		{151975B3-3ED3-4378-87E8-35922E1E4608}.Release|Any CPU.Build.0 = Release|Any CPU
		{151975B3-3ED3-4378-87E8-35922E1E4608}.SingleImage|Any CPU.ActiveCfg = Release|Any CPU
		{151975B3-3ED3-4378-87E8-35922E1E4608}.SingleImage|Any CPU.Build.0 = Release|Any CPU
		{48B9B5BF-3D10-427B-AE9C-82D0C1932EE8}.CD_ROM|Any CPU.ActiveCfg = Release|Any CPU
		{48B9B5BF-3D10-427B-AE9C-82D0C1932EE8}.CD_ROM|Any CPU.Build.0 = Release|Any CPU
		{48B9B5BF-3D10-427B-AE9C-82D0C1932EE8}.Debug|Any CPU.ActiveCfg = Debug|Any CPU
		{48B9B5BF-3D10-427B-AE9C-82D0C1932EE8}.Debug|Any CPU.Build.0 = Debug|Any CPU
		{48B9B5BF-3D10-427B-AE9C-82D0C1932EE8}.DVD-5|Any CPU.ActiveCfg = Debug|Any CPU
		{48B9B5BF-3D10-427B-AE9C-82D0C1932EE8}.DVD-5|Any CPU.Build.0 = Debug|Any CPU
		{48B9B5BF-3D10-427B-AE9C-82D0C1932EE8}.Release|Any CPU.ActiveCfg = Release|Any CPU
		{48B9B5BF-3D10-427B-AE9C-82D0C1932EE8}.Release|Any CPU.Build.0 = Release|Any CPU
		{48B9B5BF-3D10-427B-AE9C-82D0C1932EE8}.SingleImage|Any CPU.ActiveCfg = Release|Any CPU
		{48B9B5BF-3D10-427B-AE9C-82D0C1932EE8}.SingleImage|Any CPU.Build.0 = Release|Any CPU
		{49A25FF5-108D-4545-A637-F3FDB0D31699}.CD_ROM|Any CPU.ActiveCfg = Release|Any CPU
		{49A25FF5-108D-4545-A637-F3FDB0D31699}.CD_ROM|Any CPU.Build.0 = Release|Any CPU
		{49A25FF5-108D-4545-A637-F3FDB0D31699}.Debug|Any CPU.ActiveCfg = Debug|Any CPU
		{49A25FF5-108D-4545-A637-F3FDB0D31699}.Debug|Any CPU.Build.0 = Debug|Any CPU
		{49A25FF5-108D-4545-A637-F3FDB0D31699}.DVD-5|Any CPU.ActiveCfg = Debug|Any CPU
		{49A25FF5-108D-4545-A637-F3FDB0D31699}.DVD-5|Any CPU.Build.0 = Debug|Any CPU
		{49A25FF5-108D-4545-A637-F3FDB0D31699}.Release|Any CPU.ActiveCfg = Release|Any CPU
		{49A25FF5-108D-4545-A637-F3FDB0D31699}.Release|Any CPU.Build.0 = Release|Any CPU
		{49A25FF5-108D-4545-A637-F3FDB0D31699}.SingleImage|Any CPU.ActiveCfg = Release|Any CPU
		{49A25FF5-108D-4545-A637-F3FDB0D31699}.SingleImage|Any CPU.Build.0 = Release|Any CPU
		{2E48DA14-D486-483C-8645-8014B044CF6B}.CD_ROM|Any CPU.ActiveCfg = Release|Any CPU
		{2E48DA14-D486-483C-8645-8014B044CF6B}.CD_ROM|Any CPU.Build.0 = Release|Any CPU
		{2E48DA14-D486-483C-8645-8014B044CF6B}.Debug|Any CPU.ActiveCfg = Debug|Any CPU
		{2E48DA14-D486-483C-8645-8014B044CF6B}.Debug|Any CPU.Build.0 = Debug|Any CPU
		{2E48DA14-D486-483C-8645-8014B044CF6B}.DVD-5|Any CPU.ActiveCfg = Debug|Any CPU
		{2E48DA14-D486-483C-8645-8014B044CF6B}.DVD-5|Any CPU.Build.0 = Debug|Any CPU
		{2E48DA14-D486-483C-8645-8014B044CF6B}.Release|Any CPU.ActiveCfg = Release|Any CPU
		{2E48DA14-D486-483C-8645-8014B044CF6B}.Release|Any CPU.Build.0 = Release|Any CPU
		{2E48DA14-D486-483C-8645-8014B044CF6B}.SingleImage|Any CPU.ActiveCfg = Release|Any CPU
		{2E48DA14-D486-483C-8645-8014B044CF6B}.SingleImage|Any CPU.Build.0 = Release|Any CPU
		{20CA0E2F-AE54-40C3-A35A-1300445269A7}.CD_ROM|Any CPU.ActiveCfg = Release|Any CPU
		{20CA0E2F-AE54-40C3-A35A-1300445269A7}.CD_ROM|Any CPU.Build.0 = Release|Any CPU
		{20CA0E2F-AE54-40C3-A35A-1300445269A7}.Debug|Any CPU.ActiveCfg = Debug|Any CPU
		{20CA0E2F-AE54-40C3-A35A-1300445269A7}.Debug|Any CPU.Build.0 = Debug|Any CPU
		{20CA0E2F-AE54-40C3-A35A-1300445269A7}.DVD-5|Any CPU.ActiveCfg = Debug|Any CPU
		{20CA0E2F-AE54-40C3-A35A-1300445269A7}.DVD-5|Any CPU.Build.0 = Debug|Any CPU
		{20CA0E2F-AE54-40C3-A35A-1300445269A7}.Release|Any CPU.ActiveCfg = Release|Any CPU
		{20CA0E2F-AE54-40C3-A35A-1300445269A7}.Release|Any CPU.Build.0 = Release|Any CPU
		{20CA0E2F-AE54-40C3-A35A-1300445269A7}.Release|Any CPU.Deploy.0 = Release|Any CPU
		{20CA0E2F-AE54-40C3-A35A-1300445269A7}.SingleImage|Any CPU.ActiveCfg = Release|Any CPU
		{20CA0E2F-AE54-40C3-A35A-1300445269A7}.SingleImage|Any CPU.Build.0 = Release|Any CPU
		{A128B5F5-1309-4DDE-BD4D-855DC5174F65}.CD_ROM|Any CPU.ActiveCfg = Release|Any CPU
		{A128B5F5-1309-4DDE-BD4D-855DC5174F65}.CD_ROM|Any CPU.Build.0 = Release|Any CPU
		{A128B5F5-1309-4DDE-BD4D-855DC5174F65}.Debug|Any CPU.ActiveCfg = Debug|Any CPU
		{A128B5F5-1309-4DDE-BD4D-855DC5174F65}.Debug|Any CPU.Build.0 = Debug|Any CPU
		{A128B5F5-1309-4DDE-BD4D-855DC5174F65}.DVD-5|Any CPU.ActiveCfg = Debug|Any CPU
		{A128B5F5-1309-4DDE-BD4D-855DC5174F65}.DVD-5|Any CPU.Build.0 = Debug|Any CPU
		{A128B5F5-1309-4DDE-BD4D-855DC5174F65}.Release|Any CPU.ActiveCfg = Release|Any CPU
		{A128B5F5-1309-4DDE-BD4D-855DC5174F65}.Release|Any CPU.Build.0 = Release|Any CPU
		{A128B5F5-1309-4DDE-BD4D-855DC5174F65}.Release|Any CPU.Deploy.0 = Release|Any CPU
		{A128B5F5-1309-4DDE-BD4D-855DC5174F65}.SingleImage|Any CPU.ActiveCfg = Release|Any CPU
		{A128B5F5-1309-4DDE-BD4D-855DC5174F65}.SingleImage|Any CPU.Build.0 = Release|Any CPU
		{3D79A64C-55C9-462A-9A8A-587C7502359E}.CD_ROM|Any CPU.ActiveCfg = Release|Any CPU
		{3D79A64C-55C9-462A-9A8A-587C7502359E}.CD_ROM|Any CPU.Build.0 = Release|Any CPU
		{3D79A64C-55C9-462A-9A8A-587C7502359E}.Debug|Any CPU.ActiveCfg = Debug|Any CPU
		{3D79A64C-55C9-462A-9A8A-587C7502359E}.Debug|Any CPU.Build.0 = Debug|Any CPU
		{3D79A64C-55C9-462A-9A8A-587C7502359E}.DVD-5|Any CPU.ActiveCfg = Debug|Any CPU
		{3D79A64C-55C9-462A-9A8A-587C7502359E}.DVD-5|Any CPU.Build.0 = Debug|Any CPU
		{3D79A64C-55C9-462A-9A8A-587C7502359E}.Release|Any CPU.ActiveCfg = Release|Any CPU
		{3D79A64C-55C9-462A-9A8A-587C7502359E}.Release|Any CPU.Build.0 = Release|Any CPU
		{3D79A64C-55C9-462A-9A8A-587C7502359E}.SingleImage|Any CPU.ActiveCfg = Release|Any CPU
		{3D79A64C-55C9-462A-9A8A-587C7502359E}.SingleImage|Any CPU.Build.0 = Release|Any CPU
		{B0FDD9C7-8AB6-40F2-A3C9-A3765537C4D1}.CD_ROM|Any CPU.ActiveCfg = Release|Any CPU
		{B0FDD9C7-8AB6-40F2-A3C9-A3765537C4D1}.CD_ROM|Any CPU.Build.0 = Release|Any CPU
		{B0FDD9C7-8AB6-40F2-A3C9-A3765537C4D1}.Debug|Any CPU.ActiveCfg = Debug|Any CPU
		{B0FDD9C7-8AB6-40F2-A3C9-A3765537C4D1}.Debug|Any CPU.Build.0 = Debug|Any CPU
		{B0FDD9C7-8AB6-40F2-A3C9-A3765537C4D1}.DVD-5|Any CPU.ActiveCfg = Debug|Any CPU
		{B0FDD9C7-8AB6-40F2-A3C9-A3765537C4D1}.DVD-5|Any CPU.Build.0 = Debug|Any CPU
		{B0FDD9C7-8AB6-40F2-A3C9-A3765537C4D1}.Release|Any CPU.ActiveCfg = Release|Any CPU
		{B0FDD9C7-8AB6-40F2-A3C9-A3765537C4D1}.Release|Any CPU.Build.0 = Release|Any CPU
		{B0FDD9C7-8AB6-40F2-A3C9-A3765537C4D1}.SingleImage|Any CPU.ActiveCfg = Release|Any CPU
		{B0FDD9C7-8AB6-40F2-A3C9-A3765537C4D1}.SingleImage|Any CPU.Build.0 = Release|Any CPU
		{824340BC-9976-48F6-9789-4BAB7EDDF643}.CD_ROM|Any CPU.ActiveCfg = Release|Any CPU
		{824340BC-9976-48F6-9789-4BAB7EDDF643}.CD_ROM|Any CPU.Build.0 = Release|Any CPU
		{824340BC-9976-48F6-9789-4BAB7EDDF643}.Debug|Any CPU.ActiveCfg = Debug|Any CPU
		{824340BC-9976-48F6-9789-4BAB7EDDF643}.Debug|Any CPU.Build.0 = Debug|Any CPU
		{824340BC-9976-48F6-9789-4BAB7EDDF643}.DVD-5|Any CPU.ActiveCfg = Debug|Any CPU
		{824340BC-9976-48F6-9789-4BAB7EDDF643}.DVD-5|Any CPU.Build.0 = Debug|Any CPU
		{824340BC-9976-48F6-9789-4BAB7EDDF643}.Release|Any CPU.ActiveCfg = Release|Any CPU
		{824340BC-9976-48F6-9789-4BAB7EDDF643}.Release|Any CPU.Build.0 = Release|Any CPU
		{824340BC-9976-48F6-9789-4BAB7EDDF643}.SingleImage|Any CPU.ActiveCfg = Release|Any CPU
		{824340BC-9976-48F6-9789-4BAB7EDDF643}.SingleImage|Any CPU.Build.0 = Release|Any CPU
		{C084B4C8-6CE8-4270-A826-360D29072B87}.CD_ROM|Any CPU.ActiveCfg = Release|Any CPU
		{C084B4C8-6CE8-4270-A826-360D29072B87}.CD_ROM|Any CPU.Build.0 = Release|Any CPU
		{C084B4C8-6CE8-4270-A826-360D29072B87}.Debug|Any CPU.ActiveCfg = Debug|Any CPU
		{C084B4C8-6CE8-4270-A826-360D29072B87}.Debug|Any CPU.Build.0 = Debug|Any CPU
		{C084B4C8-6CE8-4270-A826-360D29072B87}.DVD-5|Any CPU.ActiveCfg = Debug|Any CPU
		{C084B4C8-6CE8-4270-A826-360D29072B87}.DVD-5|Any CPU.Build.0 = Debug|Any CPU
		{C084B4C8-6CE8-4270-A826-360D29072B87}.Release|Any CPU.ActiveCfg = Release|Any CPU
		{C084B4C8-6CE8-4270-A826-360D29072B87}.Release|Any CPU.Build.0 = Release|Any CPU
		{C084B4C8-6CE8-4270-A826-360D29072B87}.SingleImage|Any CPU.ActiveCfg = Release|Any CPU
		{C084B4C8-6CE8-4270-A826-360D29072B87}.SingleImage|Any CPU.Build.0 = Release|Any CPU
		{43333F34-2548-4BD0-A21A-1F85E45DD426}.CD_ROM|Any CPU.ActiveCfg = Release|Any CPU
		{43333F34-2548-4BD0-A21A-1F85E45DD426}.CD_ROM|Any CPU.Build.0 = Release|Any CPU
		{43333F34-2548-4BD0-A21A-1F85E45DD426}.Debug|Any CPU.ActiveCfg = Debug|Any CPU
		{43333F34-2548-4BD0-A21A-1F85E45DD426}.Debug|Any CPU.Build.0 = Debug|Any CPU
		{43333F34-2548-4BD0-A21A-1F85E45DD426}.DVD-5|Any CPU.ActiveCfg = Debug|Any CPU
		{43333F34-2548-4BD0-A21A-1F85E45DD426}.DVD-5|Any CPU.Build.0 = Debug|Any CPU
		{43333F34-2548-4BD0-A21A-1F85E45DD426}.Release|Any CPU.ActiveCfg = Release|Any CPU
		{43333F34-2548-4BD0-A21A-1F85E45DD426}.Release|Any CPU.Build.0 = Release|Any CPU
		{43333F34-2548-4BD0-A21A-1F85E45DD426}.SingleImage|Any CPU.ActiveCfg = Release|Any CPU
		{43333F34-2548-4BD0-A21A-1F85E45DD426}.SingleImage|Any CPU.Build.0 = Release|Any CPU
		{B5F32E39-D1C4-4341-A791-FFDDE06925DD}.CD_ROM|Any CPU.ActiveCfg = Release|Any CPU
		{B5F32E39-D1C4-4341-A791-FFDDE06925DD}.CD_ROM|Any CPU.Build.0 = Release|Any CPU
		{B5F32E39-D1C4-4341-A791-FFDDE06925DD}.Debug|Any CPU.ActiveCfg = Debug|Any CPU
		{B5F32E39-D1C4-4341-A791-FFDDE06925DD}.Debug|Any CPU.Build.0 = Debug|Any CPU
		{B5F32E39-D1C4-4341-A791-FFDDE06925DD}.DVD-5|Any CPU.ActiveCfg = Debug|Any CPU
		{B5F32E39-D1C4-4341-A791-FFDDE06925DD}.DVD-5|Any CPU.Build.0 = Debug|Any CPU
		{B5F32E39-D1C4-4341-A791-FFDDE06925DD}.Release|Any CPU.ActiveCfg = Release|Any CPU
		{B5F32E39-D1C4-4341-A791-FFDDE06925DD}.Release|Any CPU.Build.0 = Release|Any CPU
		{B5F32E39-D1C4-4341-A791-FFDDE06925DD}.SingleImage|Any CPU.ActiveCfg = Release|Any CPU
		{B5F32E39-D1C4-4341-A791-FFDDE06925DD}.SingleImage|Any CPU.Build.0 = Release|Any CPU
	EndGlobalSection
	GlobalSection(SolutionProperties) = preSolution
		HideSolutionNode = FALSE
	EndGlobalSection
	GlobalSection(NestedProjects) = preSolution
		{B0C1DD35-77C2-43CD-A498-AA9CA4EF1EE4} = {371B0BC4-E87A-4C9A-8339-0EEABA6BD1C2}
		{BC01CE93-78F6-4F5F-A750-925BDBDA549E} = {371B0BC4-E87A-4C9A-8339-0EEABA6BD1C2}
		{05B1A67D-60EF-41D0-B684-41B6BE592B88} = {E7F11192-DAB7-4A91-930A-8646C1833428}
		{E140ED8B-329F-49EE-A023-57DF22035CD1} = {371B0BC4-E87A-4C9A-8339-0EEABA6BD1C2}
		{176AD56B-7ABB-4591-9963-B7BDE090E974} = {E7F11192-DAB7-4A91-930A-8646C1833428}
		{151975B3-3ED3-4378-87E8-35922E1E4608} = {B764D191-7E67-416B-BDC1-190BA5D98864}
		{48B9B5BF-3D10-427B-AE9C-82D0C1932EE8} = {B764D191-7E67-416B-BDC1-190BA5D98864}
		{49A25FF5-108D-4545-A637-F3FDB0D31699} = {371B0BC4-E87A-4C9A-8339-0EEABA6BD1C2}
		{2E48DA14-D486-483C-8645-8014B044CF6B} = {9E0E44EE-1DC7-4122-B5B2-EDC36AE062A4}
		{20CA0E2F-AE54-40C3-A35A-1300445269A7} = {FAD5B79F-67D3-4675-8B71-C064B80A0BC6}
		{A128B5F5-1309-4DDE-BD4D-855DC5174F65} = {FBDE227A-0EE2-4EA8-AD18-096119B347CB}
		{3D79A64C-55C9-462A-9A8A-587C7502359E} = {A6DB37B1-005F-4770-9D90-87D814DA003F}
		{824340BC-9976-48F6-9789-4BAB7EDDF643} = {6F6BE341-C142-402D-9B6F-CC3F45F9F5AF}
	EndGlobalSection
EndGlobal
